
Microsoft Visual Studio Solution File, Format Version 12.00
# Visual Studio Version 17
VisualStudioVersion = 17.6.33815.320
MinimumVisualStudioVersion = 10.0.40219.1
Project("{9A19103F-16F7-4668-BE54-9A1E7A4F7556}") = "ConBook", "ConBook\ConBook.csproj", "{6D14A524-EDCA-4659-947B-C6E760F43E8F}"
EndProject
Project("{2150E333-8FDC-42A3-9474-1A3956D46DE8}") = "Solution Items", "Solution Items", "{2E05531C-3AD7-4605-AE70-AF5EF0C7E1F2}"
	ProjectSection(SolutionItems) = preProject
		.editorconfig = .editorconfig
	EndProjectSection
EndProject
Global
	GlobalSection(SolutionConfigurationPlatforms) = preSolution
		Debug|Any CPU = Debug|Any CPU
		Release|Any CPU = Release|Any CPU
	EndGlobalSection
	GlobalSection(ProjectConfigurationPlatforms) = postSolution
		{6D14A524-EDCA-4659-947B-C6E760F43E8F}.Debug|Any CPU.ActiveCfg = Debug|Any CPU
		{6D14A524-EDCA-4659-947B-C6E760F43E8F}.Debug|Any CPU.Build.0 = Debug|Any CPU
		{6D14A524-EDCA-4659-947B-C6E760F43E8F}.Release|Any CPU.ActiveCfg = Release|Any CPU
		{6D14A524-EDCA-4659-947B-C6E760F43E8F}.Release|Any CPU.Build.0 = Release|Any CPU
	EndGlobalSection
	GlobalSection(SolutionProperties) = preSolution
		HideSolutionNode = FALSE
	EndGlobalSection
	GlobalSection(ExtensibilityGlobals) = postSolution
		SolutionGuid = {3AF88EAB-E256-4919-8C5B-6EA6D886AD3A}
	EndGlobalSection
EndGlobal
